{
  "name": "emotejam",
  "version": "1.0.0",
  "lockfileVersion": 1,
  "requires": true,
  "dependencies": {
    "@types/gif.js": {
      "version": "0.2.1",
      "resolved": "https://registry.npmjs.org/@types/gif.js/-/gif.js-0.2.1.tgz",
      "integrity": "sha512-oZAPX8pgueiAngu3HfynjdtsDNt4EiD1fs5An//LtBKvOdnc4Wq8/S7GkAKpP80+29WyVwGEGVEUXPyFhbQ2+g==",
      "dev": true
    },
    "typescript": {
      "version": "4.5.4",
      "resolved": "https://registry.npmjs.org/typescript/-/typescript-4.5.4.tgz",
      "integrity": "sha512-VgYs2A2QIRuGphtzFV7aQJduJ2gyfTljngLzjpfW9FoYZF6xuw1W0vW9ghCKLfcWrCFxK81CSGRAvS1pn4fIUg==",
      "dev": true
    }
  }
}
